
Microsoft Visual Studio Solution File, Format Version 12.00
# Visual Studio Version 16
VisualStudioVersion = 16.0.32126.315
MinimumVisualStudioVersion = 10.0.40219.1
Project("{FAE04EC0-301F-11D3-BF4B-00C04F79EFBC}") = "ShopFashion", "ShopFashion.csproj", "{11FB9788-BFD5-4DA2-8975-4341C4A3C06A}"
EndProject
Global
	GlobalSection(SolutionConfigurationPlatforms) = preSolution
		Debug|Any CPU = Debug|Any CPU
		Release|Any CPU = Release|Any CPU
	EndGlobalSection
	GlobalSection(ProjectConfigurationPlatforms) = postSolution
		{11FB9788-BFD5-4DA2-8975-4341C4A3C06A}.Debug|Any CPU.ActiveCfg = Debug|Any CPU
		{11FB9788-BFD5-4DA2-8975-4341C4A3C06A}.Debug|Any CPU.Build.0 = Debug|Any CPU
		{11FB9788-BFD5-4DA2-8975-4341C4A3C06A}.Release|Any CPU.ActiveCfg = Release|Any CPU
		{11FB9788-BFD5-4DA2-8975-4341C4A3C06A}.Release|Any CPU.Build.0 = Release|Any CPU
	EndGlobalSection
	GlobalSection(SolutionProperties) = preSolution
		HideSolutionNode = FALSE
	EndGlobalSection
	GlobalSection(ExtensibilityGlobals) = postSolution
		SolutionGuid = {D3FA524D-E90C-4028-82DA-6C4B9CE4BA36}
	EndGlobalSection
EndGlobal
